{
  "name": "classe-04",
  "version": "1.0.0",
  "lockfileVersion": 3,
  "requires": true,
  "packages": {
    "": {
      "name": "classe-04",
      "version": "1.0.0",
      "license": "ISC",
      "dependencies": {
        "dayjs": "^1.11.9",
        "dayjs-business-days": "^1.0.4"
      }
    },
    "node_modules/dayjs": {
      "version": "1.11.9",
      "resolved": "https://registry.npmjs.org/dayjs/-/dayjs-1.11.9.tgz",
      "integrity": "sha512-QvzAURSbQ0pKdIye2txOzNaHmxtUBXerpY0FJsFXUMKbIZeFm5ht1LS/jFsrncjnmtv8HsG0W2g6c0zUjZWmpA=="
    },
    "node_modules/dayjs-business-days": {
      "version": "1.0.4",
      "resolved": "https://registry.npmjs.org/dayjs-business-days/-/dayjs-business-days-1.0.4.tgz",
      "integrity": "sha512-kmb8Hvlhmv7INc2YXWew4SaEBJprqJ9C48CdlO1NTsqQa31ZEcO48ziFa3YFr5W9rdwB1nUmd5iIkLwgCkJ8nA=="
    }
  }
}
